{
  "name": "honk300-settings-build",
  "version": "1.11.1",
  "lockfileVersion": 3,
  "requires": true,
  "packages": {
    "": {
      "name": "honk300-settings-build",
      "version": "1.11.1",
      "devDependencies": {
        "@native-sdk/cli": "0.5.4"
      }
    },
    "node_modules/@native-sdk/cli": {
      "version": "0.5.4",
      "resolved": "https://registry.npmjs.org/@native-sdk/cli/-/cli-0.5.4.tgz",
      "integrity": "sha512-8ixE8TjN2zQ+9rnnpjOnmHDeloyvKBc9CKXVUdYxge63fSKn6AH3rodRcdE6EYQiAIDYzQiJSr8AKT1qdFcABA==",
      "dev": true,
      "license": "Apache-2.0",
      "dependencies": {
        "@typescript/old": "npm:typescript@6.0.3",
        "@typescript/typescript6": "6.0.2"
      },
      "bin": {
        "native": "bin/native.js"
      },
      "optionalDependencies": {
        "@native-sdk/cli-darwin-arm64": "0.5.4",
        "@native-sdk/cli-darwin-x64": "0.5.4",
        "@native-sdk/cli-linux-arm64-gnu": "0.5.4",
        "@native-sdk/cli-linux-arm64-musl": "0.5.4",
        "@native-sdk/cli-linux-x64-gnu": "0.5.4",
        "@native-sdk/cli-linux-x64-musl": "0.5.4",
        "@native-sdk/cli-win32-arm64": "0.5.4",
        "@native-sdk/cli-win32-x64": "0.5.4"
      }
    },
    "node_modules/@native-sdk/cli-darwin-arm64": {
      "version": "0.5.4",
      "resolved": "https://registry.npmjs.org/@native-sdk/cli-darwin-arm64/-/cli-darwin-arm64-0.5.4.tgz",
      "integrity": "sha512-yLu86+ha7ExTgKZmvjlskQLGyIQVmsWYl0R+0veD03FwcM4SC/5+pe8pj862kRi0p6Wf6Ntdot0O7dFcffjR5w==",
      "cpu": [
        "arm64"
      ],
      "dev": true,
      "license": "Apache-2.0",
      "optional": true,
      "os": [
        "darwin"
      ]
    },
    "node_modules/@native-sdk/cli-darwin-x64": {
      "version": "0.5.4",
      "resolved": "https://registry.npmjs.org/@native-sdk/cli-darwin-x64/-/cli-darwin-x64-0.5.4.tgz",
      "integrity": "sha512-3nt0Fld5+wBV2RpgOhPRx1rbpam+E9RMeYW6GYHp/1BSIl+GK0r7mTudbaAQ491GVgilxasrLMVyMsDQCAyMQw==",
      "cpu": [
        "x64"
      ],
      "dev": true,
      "license": "Apache-2.0",
      "optional": true,
      "os": [
        "darwin"
      ]
    },
    "node_modules/@native-sdk/cli-linux-arm64-gnu": {
      "version": "0.5.4",
      "resolved": "https://registry.npmjs.org/@native-sdk/cli-linux-arm64-gnu/-/cli-linux-arm64-gnu-0.5.4.tgz",
      "integrity": "sha512-5qpuPOqTaiQD4LvoAKiRWUnPGW2lRH56X99MdRCoZKRo+RQ4fsxtT0pShHYw8J+bqnMB5m/NmtTd9d8coOTkBA==",
      "cpu": [
        "arm64"
      ],
      "dev": true,
      "libc": [
        "glibc"
      ],
      "license": "Apache-2.0",
      "optional": true,
      "os": [
        "linux"
      ]
    },
    "node_modules/@native-sdk/cli-linux-arm64-musl": {
      "version": "0.5.4",
      "resolved": "https://registry.npmjs.org/@native-sdk/cli-linux-arm64-musl/-/cli-linux-arm64-musl-0.5.4.tgz",
      "integrity": "sha512-BhncmdVssXS4t2lW5bU7U7wAMs43TF97dabZ4kJguL14M/4gM0GwFhbQ3GFEtUScI/bPp3ZcFy3PrbbM8w7rYQ==",
      "cpu": [
        "arm64"
      ],
      "dev": true,
      "libc": [
        "musl"
      ],
      "license": "Apache-2.0",
      "optional": true,
      "os": [
        "linux"
      ]
    },
    "node_modules/@native-sdk/cli-linux-x64-gnu": {
      "version": "0.5.4",
      "resolved": "https://registry.npmjs.org/@native-sdk/cli-linux-x64-gnu/-/cli-linux-x64-gnu-0.5.4.tgz",
      "integrity": "sha512-ora1oqm1BdrB4qm9sieWKP3AICs4QHCvhC8T0Gd9I6K8SBzRm+jQSolR7jMoM5q9coZU2HTsSil1ccpAB/AnAA==",
      "cpu": [
        "x64"
      ],
      "dev": true,
      "libc": [
        "glibc"
      ],
      "license": "Apache-2.0",
      "optional": true,
      "os": [
        "linux"
      ]
    },
    "node_modules/@native-sdk/cli-linux-x64-musl": {
      "version": "0.5.4",
      "resolved": "https://registry.npmjs.org/@native-sdk/cli-linux-x64-musl/-/cli-linux-x64-musl-0.5.4.tgz",
      "integrity": "sha512-x8dM+tpZxoUCarLjBoZQAQ+vLJiG/SSgJVBO42QBAyYj22A8Lxxb9GNkSiykk/2sQrZ2mSBhkoQOE878nyniCQ==",
      "cpu": [
        "x64"
      ],
      "dev": true,
      "libc": [
        "musl"
      ],
      "license": "Apache-2.0",
      "optional": true,
      "os": [
        "linux"
      ]
    },
    "node_modules/@native-sdk/cli-win32-arm64": {
      "version": "0.5.4",
      "resolved": "https://registry.npmjs.org/@native-sdk/cli-win32-arm64/-/cli-win32-arm64-0.5.4.tgz",
      "integrity": "sha512-FipZ2M7KS6hHb8YjMUDbMML3AcOK2jJFlrmWbBuVzlTNdilv8s+vD2Ivxn1ishj5vLC7gjXBB2zEO7qb3gS1Nw==",
      "cpu": [
        "arm64"
      ],
      "dev": true,
      "license": "Apache-2.0",
      "optional": true,
      "os": [
        "win32"
      ]
    },
    "node_modules/@native-sdk/cli-win32-x64": {
      "version": "0.5.4",
      "resolved": "https://registry.npmjs.org/@native-sdk/cli-win32-x64/-/cli-win32-x64-0.5.4.tgz",
      "integrity": "sha512-aLgLqGsm5TzgtuXIPbtTXWlh4xh57U4/rOi4GZI5cjQ9Nb2h2re+5LsWZ28EJ37+Cb3TS18AQ/QhKa2Yfj5XqQ==",
      "cpu": [
        "x64"
      ],
      "dev": true,
      "license": "Apache-2.0",
      "optional": true,
      "os": [
        "win32"
      ]
    },
    "node_modules/@typescript/old": {
      "name": "typescript",
      "version": "6.0.3",
      "resolved": "https://registry.npmjs.org/typescript/-/typescript-6.0.3.tgz",
      "integrity": "sha512-y2TvuxSZPDyQakkFRPZHKFm+KKVqIisdg9/CZwm9ftvKXLP8NRWj38/ODjNbr43SsoXqNuAisEf1GdCxqWcdBw==",
      "dev": true,
      "license": "Apache-2.0",
      "bin": {
        "tsc": "bin/tsc",
        "tsserver": "bin/tsserver"
      },
      "engines": {
        "node": ">=14.17"
      }
    },
    "node_modules/@typescript/typescript6": {
      "version": "6.0.2",
      "resolved": "https://registry.npmjs.org/@typescript/typescript6/-/typescript6-6.0.2.tgz",
      "integrity": "sha512-mbCddXd+jm7hfx7w2YU64/Av4/NqqeG3GoRZgxPcgoTxYjhrcfJRw9ULch71SS4G+Q3bOXFhRvPqjguN0Hyp5w==",
      "dev": true,
      "license": "Apache-2.0",
      "dependencies": {
        "@typescript/old": "npm:typescript@^6"
      },
      "bin": {
        "tsc6": "bin/tsc6"
      }
    }
  }
}
